Microsoft Visual Studio Solution File, Format Version 12.00
# Visual Studio 14
Project("{8BC9CEB8-8B4A-11D0-8D11-00A0C91BC942}") = "ALL_BUILD", "ALL_BUILD.vcxproj", "{C73C41AD-0FC6-3C67-8351-C77813ECAC40}"
	ProjectSection(ProjectDependencies) = postProject
		{8AA93329-4100-3E92-9450-F5D6D24DE4F4} = {8AA93329-4100-3E92-9450-F5D6D24DE4F4}
		{F1BC6CE2-184A-30AC-949C-A17F26069F23} = {F1BC6CE2-184A-30AC-949C-A17F26069F23}
		{E63963F4-C239-3CC2-96B6-1B4B21F29568} = {E63963F4-C239-3CC2-96B6-1B4B21F29568}
		{E4656B3B-14E6-37FC-A94B-9686ED206F72} = {E4656B3B-14E6-37FC-A94B-9686ED206F72}
	EndProjectSection
EndProject
Project("{8BC9CEB8-8B4A-11D0-8D11-00A0C91BC942}") = "INSTALL", "INSTALL.vcxproj", "{0E01798A-F4AC-3ED1-835E-A65E6A38B81B}"
	ProjectSection(ProjectDependencies) = postProject
		{C73C41AD-0FC6-3C67-8351-C77813ECAC40} = {C73C41AD-0FC6-3C67-8351-C77813ECAC40}
		{8AA93329-4100-3E92-9450-F5D6D24DE4F4} = {8AA93329-4100-3E92-9450-F5D6D24DE4F4}
	EndProjectSection
EndProject
Project("{8BC9CEB8-8B4A-11D0-8D11-00A0C91BC942}") = "ZERO_CHECK", "ZERO_CHECK.vcxproj", "{8AA93329-4100-3E92-9450-F5D6D24DE4F4}"
	ProjectSection(ProjectDependencies) = postProject
	EndProjectSection
EndProject
Project("{8BC9CEB8-8B4A-11D0-8D11-00A0C91BC942}") = "dark", "dark.vcxproj", "{F1BC6CE2-184A-30AC-949C-A17F26069F23}"
	ProjectSection(ProjectDependencies) = postProject
		{8AA93329-4100-3E92-9450-F5D6D24DE4F4} = {8AA93329-4100-3E92-9450-F5D6D24DE4F4}
	EndProjectSection
EndProject
Project("{8BC9CEB8-8B4A-11D0-8D11-00A0C91BC942}") = "darknet", "darknet.vcxproj", "{E63963F4-C239-3CC2-96B6-1B4B21F29568}"
	ProjectSection(ProjectDependencies) = postProject
		{8AA93329-4100-3E92-9450-F5D6D24DE4F4} = {8AA93329-4100-3E92-9450-F5D6D24DE4F4}
	EndProjectSection
EndProject
Project("{8BC9CEB8-8B4A-11D0-8D11-00A0C91BC942}") = "uselib", "uselib.vcxproj", "{E4656B3B-14E6-37FC-A94B-9686ED206F72}"
	ProjectSection(ProjectDependencies) = postProject
		{8AA93329-4100-3E92-9450-F5D6D24DE4F4} = {8AA93329-4100-3E92-9450-F5D6D24DE4F4}
		{F1BC6CE2-184A-30AC-949C-A17F26069F23} = {F1BC6CE2-184A-30AC-949C-A17F26069F23}
	EndProjectSection
EndProject
Global
	GlobalSection(SolutionConfigurationPlatforms) = preSolution
		Debug|Win32 = Debug|Win32
		Release|Win32 = Release|Win32
		MinSizeRel|Win32 = MinSizeRel|Win32
		RelWithDebInfo|Win32 = RelWithDebInfo|Win32
	EndGlobalSection
	GlobalSection(ProjectConfigurationPlatforms) = postSolution
		{C73C41AD-0FC6-3C67-8351-C77813ECAC40}.Debug|Win32.ActiveCfg = Debug|Win32
		{C73C41AD-0FC6-3C67-8351-C77813ECAC40}.Debug|Win32.Build.0 = Debug|Win32
		{C73C41AD-0FC6-3C67-8351-C77813ECAC40}.Release|Win32.ActiveCfg = Release|Win32
		{C73C41AD-0FC6-3C67-8351-C77813ECAC40}.Release|Win32.Build.0 = Release|Win32
		{C73C41AD-0FC6-3C67-8351-C77813ECAC40}.MinSizeRel|Win32.ActiveCfg = MinSizeRel|Win32
		{C73C41AD-0FC6-3C67-8351-C77813ECAC40}.MinSizeRel|Win32.Build.0 = MinSizeRel|Win32
		{C73C41AD-0FC6-3C67-8351-C77813ECAC40}.RelWithDebInfo|Win32.ActiveCfg = RelWithDebInfo|Win32
		{C73C41AD-0FC6-3C67-8351-C77813ECAC40}.RelWithDebInfo|Win32.Build.0 = RelWithDebInfo|Win32
		{0E01798A-F4AC-3ED1-835E-A65E6A38B81B}.Debug|Win32.ActiveCfg = Debug|Win32
		{0E01798A-F4AC-3ED1-835E-A65E6A38B81B}.Release|Win32.ActiveCfg = Release|Win32
		{0E01798A-F4AC-3ED1-835E-A65E6A38B81B}.MinSizeRel|Win32.ActiveCfg = MinSizeRel|Win32
		{0E01798A-F4AC-3ED1-835E-A65E6A38B81B}.RelWithDebInfo|Win32.ActiveCfg = RelWithDebInfo|Win32
		{8AA93329-4100-3E92-9450-F5D6D24DE4F4}.Debug|Win32.ActiveCfg = Debug|Win32
		{8AA93329-4100-3E92-9450-F5D6D24DE4F4}.Debug|Win32.Build.0 = Debug|Win32
		{8AA93329-4100-3E92-9450-F5D6D24DE4F4}.Release|Win32.ActiveCfg = Release|Win32
		{8AA93329-4100-3E92-9450-F5D6D24DE4F4}.Release|Win32.Build.0 = Release|Win32
		{8AA93329-4100-3E92-9450-F5D6D24DE4F4}.MinSizeRel|Win32.ActiveCfg = MinSizeRel|Win32
		{8AA93329-4100-3E92-9450-F5D6D24DE4F4}.MinSizeRel|Win32.Build.0 = MinSizeRel|Win32
		{8AA93329-4100-3E92-9450-F5D6D24DE4F4}.RelWithDebInfo|Win32.ActiveCfg = RelWithDebInfo|Win32
		{8AA93329-4100-3E92-9450-F5D6D24DE4F4}.RelWithDebInfo|Win32.Build.0 = RelWithDebInfo|Win32
		{F1BC6CE2-184A-30AC-949C-A17F26069F23}.Debug|Win32.ActiveCfg = Debug|Win32
		{F1BC6CE2-184A-30AC-949C-A17F26069F23}.Debug|Win32.Build.0 = Debug|Win32
		{F1BC6CE2-184A-30AC-949C-A17F26069F23}.Release|Win32.ActiveCfg = Release|Win32
		{F1BC6CE2-184A-30AC-949C-A17F26069F23}.Release|Win32.Build.0 = Release|Win32
		{F1BC6CE2-184A-30AC-949C-A17F26069F23}.MinSizeRel|Win32.ActiveCfg = MinSizeRel|Win32
		{F1BC6CE2-184A-30AC-949C-A17F26069F23}.MinSizeRel|Win32.Build.0 = MinSizeRel|Win32
		{F1BC6CE2-184A-30AC-949C-A17F26069F23}.RelWithDebInfo|Win32.ActiveCfg = RelWithDebInfo|Win32
		{F1BC6CE2-184A-30AC-949C-A17F26069F23}.RelWithDebInfo|Win32.Build.0 = RelWithDebInfo|Win32
		{E63963F4-C239-3CC2-96B6-1B4B21F29568}.Debug|Win32.ActiveCfg = Debug|Win32
		{E63963F4-C239-3CC2-96B6-1B4B21F29568}.Debug|Win32.Build.0 = Debug|Win32
		{E63963F4-C239-3CC2-96B6-1B4B21F29568}.Release|Win32.ActiveCfg = Release|Win32
		{E63963F4-C239-3CC2-96B6-1B4B21F29568}.Release|Win32.Build.0 = Release|Win32
		{E63963F4-C239-3CC2-96B6-1B4B21F29568}.MinSizeRel|Win32.ActiveCfg = MinSizeRel|Win32
		{E63963F4-C239-3CC2-96B6-1B4B21F29568}.MinSizeRel|Win32.Build.0 = MinSizeRel|Win32
		{E63963F4-C239-3CC2-96B6-1B4B21F29568}.RelWithDebInfo|Win32.ActiveCfg = RelWithDebInfo|Win32
		{E63963F4-C239-3CC2-96B6-1B4B21F29568}.RelWithDebInfo|Win32.Build.0 = RelWithDebInfo|Win32
		{E4656B3B-14E6-37FC-A94B-9686ED206F72}.Debug|Win32.ActiveCfg = Debug|Win32
		{E4656B3B-14E6-37FC-A94B-9686ED206F72}.Debug|Win32.Build.0 = Debug|Win32
		{E4656B3B-14E6-37FC-A94B-9686ED206F72}.Release|Win32.ActiveCfg = Release|Win32
		{E4656B3B-14E6-37FC-A94B-9686ED206F72}.Release|Win32.Build.0 = Release|Win32
		{E4656B3B-14E6-37FC-A94B-9686ED206F72}.MinSizeRel|Win32.ActiveCfg = MinSizeRel|Win32
		{E4656B3B-14E6-37FC-A94B-9686ED206F72}.MinSizeRel|Win32.Build.0 = MinSizeRel|Win32
		{E4656B3B-14E6-37FC-A94B-9686ED206F72}.RelWithDebInfo|Win32.ActiveCfg = RelWithDebInfo|Win32
		{E4656B3B-14E6-37FC-A94B-9686ED206F72}.RelWithDebInfo|Win32.Build.0 = RelWithDebInfo|Win32
	EndGlobalSection
	GlobalSection(ExtensibilityGlobals) = postSolution
		SolutionGuid = {61A9DF94-6773-3E82-A9F7-2FF78BF009DC}
	EndGlobalSection
	GlobalSection(ExtensibilityAddIns) = postSolution
	EndGlobalSection
EndGlobal
