<?xml version="1.0" encoding="utf-8"?>
<Project ToolsVersion="14.0" xmlns="http://schemas.microsoft.com/developer/msbuild/2003">
  <ItemGroup>
    <ClCompile Include="C:\Users\yahya\fastai\courses\dl1\darknet\src\yolo_console_dll.cpp">
      <Filter>Source Files</Filter>
    </ClCompile>
  </ItemGroup>
  <ItemGroup>
    <CustomBuild Include="C:\Users\yahya\fastai\courses\dl1\darknet\CMakeLists.txt" />
  </ItemGroup>
  <ItemGroup>
    <Filter Include="Source Files">
      <UniqueIdentifier>{5264FB14-1FD5-3B26-9490-72032276DEC5}</UniqueIdentifier>
    </Filter>
  </ItemGroup>
</Project>
